
Microsoft Visual Studio Solution File, Format Version 12.00
# Visual Studio Version 16
VisualStudioVersion = 16.0.29215.179
MinimumVisualStudioVersion = 10.0.40219.1
Project("{FAE04EC0-301F-11D3-BF4B-00C04F79EFBC}") = "ISM4300Arrays", "ISM4300Arrays.csproj", "{728FC0B6-6663-4D3E-8FA5-F8C7998166DF}"
EndProject
Global
	GlobalSection(SolutionConfigurationPlatforms) = preSolution
		Debug|Any CPU = Debug|Any CPU
		Release|Any CPU = Release|Any CPU
	EndGlobalSection
	GlobalSection(ProjectConfigurationPlatforms) = postSolution
		{728FC0B6-6663-4D3E-8FA5-F8C7998166DF}.Debug|Any CPU.ActiveCfg = Debug|Any CPU
		{728FC0B6-6663-4D3E-8FA5-F8C7998166DF}.Debug|Any CPU.Build.0 = Debug|Any CPU
		{728FC0B6-6663-4D3E-8FA5-F8C7998166DF}.Release|Any CPU.ActiveCfg = Release|Any CPU
		{728FC0B6-6663-4D3E-8FA5-F8C7998166DF}.Release|Any CPU.Build.0 = Release|Any CPU
	EndGlobalSection
	GlobalSection(SolutionProperties) = preSolution
		HideSolutionNode = FALSE
	EndGlobalSection
	GlobalSection(ExtensibilityGlobals) = postSolution
		SolutionGuid = {43497D09-BCD2-4195-9D77-6E03155C2465}
	EndGlobalSection
EndGlobal
